
Microsoft Visual Studio Solution File, Format Version 12.00
# Visual Studio 14
VisualStudioVersion = 14.0.24720.0
MinimumVisualStudioVersion = 10.0.40219.1
Project("{FAE04EC0-301F-11D3-BF4B-00C04F79EFBC}") = "ProyectoAnaMarinOrientacion", "ProyectoAnaMarinOrientacion\ProyectoAnaMarinOrientacion.csproj", "{0CC76875-8C5E-4BBF-9BE8-84358E16A137}"
EndProject
Project("{FAE04EC0-301F-11D3-BF4B-00C04F79EFBC}") = "Capa.Logica", "Capa.Logica\Capa.Logica.csproj", "{2F7498D7-A5BE-4EA6-8A0A-7023385070FE}"
EndProject
Project("{FAE04EC0-301F-11D3-BF4B-00C04F79EFBC}") = "Capa.Entidades", "Capa.Entidades\Capa.Entidades.csproj", "{A9FAF93A-D2E8-4199-901E-A9653B4834F2}"
EndProject
Project("{FAE04EC0-301F-11D3-BF4B-00C04F79EFBC}") = "Capa.Datos", "Capa.Datos\Capa.Datos.csproj", "{74ABCBC2-95E7-431D-AFB5-7E16B755174D}"
EndProject
Project("{F088123C-0E9E-452A-89E6-6BA2F21D5CAC}") = "ModelingProject1", "ModelingProject1\ModelingProject1.modelproj", "{F5E8A9CD-E39A-4E5D-BD99-996388BA082F}"
EndProject
Global
	GlobalSection(SolutionConfigurationPlatforms) = preSolution
		Debug|Any CPU = Debug|Any CPU
		Release|Any CPU = Release|Any CPU
	EndGlobalSection
	GlobalSection(ProjectConfigurationPlatforms) = postSolution
		{0CC76875-8C5E-4BBF-9BE8-84358E16A137}.Debug|Any CPU.ActiveCfg = Debug|Any CPU
		{0CC76875-8C5E-4BBF-9BE8-84358E16A137}.Debug|Any CPU.Build.0 = Debug|Any CPU
		{0CC76875-8C5E-4BBF-9BE8-84358E16A137}.Release|Any CPU.ActiveCfg = Release|Any CPU
		{0CC76875-8C5E-4BBF-9BE8-84358E16A137}.Release|Any CPU.Build.0 = Release|Any CPU
		{2F7498D7-A5BE-4EA6-8A0A-7023385070FE}.Debug|Any CPU.ActiveCfg = Debug|Any CPU
		{2F7498D7-A5BE-4EA6-8A0A-7023385070FE}.Debug|Any CPU.Build.0 = Debug|Any CPU
		{2F7498D7-A5BE-4EA6-8A0A-7023385070FE}.Release|Any CPU.ActiveCfg = Release|Any CPU
		{2F7498D7-A5BE-4EA6-8A0A-7023385070FE}.Release|Any CPU.Build.0 = Release|Any CPU
		{A9FAF93A-D2E8-4199-901E-A9653B4834F2}.Debug|Any CPU.ActiveCfg = Debug|Any CPU
		{A9FAF93A-D2E8-4199-901E-A9653B4834F2}.Debug|Any CPU.Build.0 = Debug|Any CPU
		{A9FAF93A-D2E8-4199-901E-A9653B4834F2}.Release|Any CPU.ActiveCfg = Release|Any CPU
		{A9FAF93A-D2E8-4199-901E-A9653B4834F2}.Release|Any CPU.Build.0 = Release|Any CPU
		{74ABCBC2-95E7-431D-AFB5-7E16B755174D}.Debug|Any CPU.ActiveCfg = Debug|Any CPU
		{74ABCBC2-95E7-431D-AFB5-7E16B755174D}.Debug|Any CPU.Build.0 = Debug|Any CPU
		{74ABCBC2-95E7-431D-AFB5-7E16B755174D}.Release|Any CPU.ActiveCfg = Release|Any CPU
		{74ABCBC2-95E7-431D-AFB5-7E16B755174D}.Release|Any CPU.Build.0 = Release|Any CPU
		{F5E8A9CD-E39A-4E5D-BD99-996388BA082F}.Debug|Any CPU.ActiveCfg = Debug|Any CPU
		{F5E8A9CD-E39A-4E5D-BD99-996388BA082F}.Debug|Any CPU.Build.0 = Debug|Any CPU
		{F5E8A9CD-E39A-4E5D-BD99-996388BA082F}.Release|Any CPU.ActiveCfg = Release|Any CPU
		{F5E8A9CD-E39A-4E5D-BD99-996388BA082F}.Release|Any CPU.Build.0 = Release|Any CPU
	EndGlobalSection
	GlobalSection(SolutionProperties) = preSolution
		HideSolutionNode = FALSE
	EndGlobalSection
EndGlobal
